
Microsoft Visual Studio Solution File, Format Version 12.00
# Visual Studio 14
VisualStudioVersion = 14.0.25420.1
MinimumVisualStudioVersion = 10.0.40219.1
Project("{8BC9CEB8-8B4A-11D0-8D11-00A0C91BC942}") = "Nyx", "..\..\Nyx\Projects\vs2015\Nyx.vcxproj", "{6140A3B0-BC5C-4999-AF3D-06E058AD0053}"
EndProject
Project("{8BC9CEB8-8B4A-11D0-8D11-00A0C91BC942}") = "Demo", "..\..\tests\Demo\Projects\vs2015\Demo.vcxproj", "{8AF15526-8413-46E5-9A4B-0F630D56E46B}"
EndProject
Global
	GlobalSection(SolutionConfigurationPlatforms) = preSolution
		Debug|x86 = Debug|x86
		Release|x86 = Release|x86
	EndGlobalSection
	GlobalSection(ProjectConfigurationPlatforms) = postSolution
		{6140A3B0-BC5C-4999-AF3D-06E058AD0053}.Debug|x86.ActiveCfg = Debug|Win32
		{6140A3B0-BC5C-4999-AF3D-06E058AD0053}.Debug|x86.Build.0 = Debug|Win32
		{6140A3B0-BC5C-4999-AF3D-06E058AD0053}.Release|x86.ActiveCfg = Release|Win32
		{6140A3B0-BC5C-4999-AF3D-06E058AD0053}.Release|x86.Build.0 = Release|Win32
		{8AF15526-8413-46E5-9A4B-0F630D56E46B}.Debug|x86.ActiveCfg = Debug|Win32
		{8AF15526-8413-46E5-9A4B-0F630D56E46B}.Debug|x86.Build.0 = Debug|Win32
		{8AF15526-8413-46E5-9A4B-0F630D56E46B}.Release|x86.ActiveCfg = Release|Win32
		{8AF15526-8413-46E5-9A4B-0F630D56E46B}.Release|x86.Build.0 = Release|Win32
	EndGlobalSection
	GlobalSection(SolutionProperties) = preSolution
		HideSolutionNode = FALSE
	EndGlobalSection
EndGlobal
