
Microsoft Visual Studio Solution File, Format Version 12.00
# Visual Studio Version 17
VisualStudioVersion = 17.0.31903.59
MinimumVisualStudioVersion = 10.0.40219.1
Project("{8BC9CEB8-8B4A-11D0-8D11-00A0C91BC942}") = "Nyx", "..\..\Nyx\Projects\vs\Nyx.vcxproj", "{6140A3B0-BC5C-4999-AF3D-06E058AD0053}"
	ProjectSection(ProjectDependencies) = postProject
		{3DD6380C-36BF-EA41-BB45-DAAF7D7F7EC2} = {3DD6380C-36BF-EA41-BB45-DAAF7D7F7EC2}
		{08FAB30E-1565-114B-9826-D00D97B41702} = {08FAB30E-1565-114B-9826-D00D97B41702}
		{608B7132-6BE8-D541-9EBA-A4B845D63AFE} = {608B7132-6BE8-D541-9EBA-A4B845D63AFE}
		{B79E3B69-D355-E54C-9996-02BF2A36F931} = {B79E3B69-D355-E54C-9996-02BF2A36F931}
		{9C79DDAB-C312-114A-B52B-EB0434B7FCA7} = {9C79DDAB-C312-114A-B52B-EB0434B7FCA7}
		{3CF8B8B8-BC53-2B48-AA56-FDE09057E8B9} = {3CF8B8B8-BC53-2B48-AA56-FDE09057E8B9}
		{B30D52C3-4521-BE46-ACB9-F45B8CB4D5B4} = {B30D52C3-4521-BE46-ACB9-F45B8CB4D5B4}
		{088A2DC5-E709-724B-BA7C-79B1FABDE9F8} = {088A2DC5-E709-724B-BA7C-79B1FABDE9F8}
		{BCA68ADC-E992-4D60-9246-ABB8D5040220} = {BCA68ADC-E992-4D60-9246-ABB8D5040220}
	EndProjectSection
EndProject
Project("{8BC9CEB8-8B4A-11D0-8D11-00A0C91BC942}") = "Demo", "..\..\tests\Demo\Projects\vs\Demo.vcxproj", "{8AF15526-8413-46E5-9A4B-0F630D56E46B}"
	ProjectSection(ProjectDependencies) = postProject
		{3DD6380C-36BF-EA41-BB45-DAAF7D7F7EC2} = {3DD6380C-36BF-EA41-BB45-DAAF7D7F7EC2}
		{08FAB30E-1565-114B-9826-D00D97B41702} = {08FAB30E-1565-114B-9826-D00D97B41702}
		{608B7132-6BE8-D541-9EBA-A4B845D63AFE} = {608B7132-6BE8-D541-9EBA-A4B845D63AFE}
		{B79E3B69-D355-E54C-9996-02BF2A36F931} = {B79E3B69-D355-E54C-9996-02BF2A36F931}
		{9C79DDAB-C312-114A-B52B-EB0434B7FCA7} = {9C79DDAB-C312-114A-B52B-EB0434B7FCA7}
		{3CF8B8B8-BC53-2B48-AA56-FDE09057E8B9} = {3CF8B8B8-BC53-2B48-AA56-FDE09057E8B9}
		{B30D52C3-4521-BE46-ACB9-F45B8CB4D5B4} = {B30D52C3-4521-BE46-ACB9-F45B8CB4D5B4}
		{088A2DC5-E709-724B-BA7C-79B1FABDE9F8} = {088A2DC5-E709-724B-BA7C-79B1FABDE9F8}
		{BCA68ADC-E992-4D60-9246-ABB8D5040220} = {BCA68ADC-E992-4D60-9246-ABB8D5040220}
	EndProjectSection
EndProject
Project("{8BC9CEB8-8B4A-11D0-8D11-00A0C91BC942}") = "SDL2main", "..\..\thirdparty\SDL\VisualC\SDLmain\SDLmain.vcxproj", "{DA956FD3-E142-46F2-9DD5-C78BEBB56B7A}"
EndProject
Project("{8BC9CEB8-8B4A-11D0-8D11-00A0C91BC942}") = "SDL2", "..\..\thirdparty\SDL\VisualC\SDL\SDL.vcxproj", "{81CE8DAF-EBB2-4761-8E45-B71ABCCA8C68}"
EndProject
Project("{8BC9CEB8-8B4A-11D0-8D11-00A0C91BC942}") = "BulletDynamics", "..\..\thirdparty\bullet\build3\vs2010\BulletDynamics.vcxproj", "{088A2DC5-E709-724B-BA7C-79B1FABDE9F8}"
	ProjectSection(ProjectDependencies) = postProject
		{08FAB30E-1565-114B-9826-D00D97B41702} = {08FAB30E-1565-114B-9826-D00D97B41702}
	EndProjectSection
EndProject
Project("{8BC9CEB8-8B4A-11D0-8D11-00A0C91BC942}") = "BulletCollision", "..\..\thirdparty\bullet\build3\vs2010\BulletCollision.vcxproj", "{08FAB30E-1565-114B-9826-D00D97B41702}"
	ProjectSection(ProjectDependencies) = postProject
		{3DD6380C-36BF-EA41-BB45-DAAF7D7F7EC2} = {3DD6380C-36BF-EA41-BB45-DAAF7D7F7EC2}
	EndProjectSection
EndProject
Project("{8BC9CEB8-8B4A-11D0-8D11-00A0C91BC942}") = "BulletSoftBody", "..\..\thirdparty\bullet\build3\vs2010\BulletSoftBody.vcxproj", "{3CF8B8B8-BC53-2B48-AA56-FDE09057E8B9}"
	ProjectSection(ProjectDependencies) = postProject
		{088A2DC5-E709-724B-BA7C-79B1FABDE9F8} = {088A2DC5-E709-724B-BA7C-79B1FABDE9F8}
	EndProjectSection
EndProject
Project("{8BC9CEB8-8B4A-11D0-8D11-00A0C91BC942}") = "LinearMath", "..\..\thirdparty\bullet\build3\vs2010\LinearMath.vcxproj", "{3DD6380C-36BF-EA41-BB45-DAAF7D7F7EC2}"
EndProject
Project("{2150E333-8FDC-42A3-9474-1A3956D46DE8}") = "Bullet", "Bullet", "{C89ADA8C-1A03-4C9C-9FA0-993A467CACE5}"
EndProject
Project("{8BC9CEB8-8B4A-11D0-8D11-00A0C91BC942}") = "physfs-static", "..\..\thirdparty\physfs\build\physfs-static.vcxproj", "{79338039-8348-3685-AB1B-0B67A5EA0158}"
EndProject
Project("{8BC9CEB8-8B4A-11D0-8D11-00A0C91BC942}") = "luaplus-static", "luaplus-static\luaplus-static.vcxproj", "{48803170-0C88-4422-BAFD-F33B83C0E8C0}"
EndProject
Project("{8BC9CEB8-8B4A-11D0-8D11-00A0C91BC942}") = "Bullet3Collision", "..\..\thirdparty\bullet\build3\vs2010\Bullet3Collision.vcxproj", "{608B7132-6BE8-D541-9EBA-A4B845D63AFE}"
EndProject
Project("{8BC9CEB8-8B4A-11D0-8D11-00A0C91BC942}") = "Bullet3Common", "..\..\thirdparty\bullet\build3\vs2010\Bullet3Common.vcxproj", "{B79E3B69-D355-E54C-9996-02BF2A36F931}"
EndProject
Project("{8BC9CEB8-8B4A-11D0-8D11-00A0C91BC942}") = "Bullet3Dynamics", "..\..\thirdparty\bullet\build3\vs2010\Bullet3Dynamics.vcxproj", "{9C79DDAB-C312-114A-B52B-EB0434B7FCA7}"
EndProject
Project("{8BC9CEB8-8B4A-11D0-8D11-00A0C91BC942}") = "Bullet3Geometry", "..\..\thirdparty\bullet\build3\vs2010\Bullet3Geometry.vcxproj", "{B30D52C3-4521-BE46-ACB9-F45B8CB4D5B4}"
EndProject
Project("{8BC9CEB8-8B4A-11D0-8D11-00A0C91BC942}") = "stb", "stb\stb.vcxproj", "{BCA68ADC-E992-4D60-9246-ABB8D5040220}"
EndProject
Global
	GlobalSection(SolutionConfigurationPlatforms) = preSolution
		Debug|Win32 = Debug|Win32
		Debug|x64 = Debug|x64
		Debug|x86 = Debug|x86
		MinSizeRel|Win32 = MinSizeRel|Win32
		MinSizeRel|x64 = MinSizeRel|x64
		MinSizeRel|x86 = MinSizeRel|x86
		Release|Win32 = Release|Win32
		Release|x64 = Release|x64
		Release|x86 = Release|x86
		RelWithDebInfo|Win32 = RelWithDebInfo|Win32
		RelWithDebInfo|x64 = RelWithDebInfo|x64
		RelWithDebInfo|x86 = RelWithDebInfo|x86
	EndGlobalSection
	GlobalSection(ProjectConfigurationPlatforms) = postSolution
		{6140A3B0-BC5C-4999-AF3D-06E058AD0053}.Debug|Win32.ActiveCfg = Debug|Win32
		{6140A3B0-BC5C-4999-AF3D-06E058AD0053}.Debug|Win32.Build.0 = Debug|Win32
		{6140A3B0-BC5C-4999-AF3D-06E058AD0053}.Debug|x64.ActiveCfg = Debug|Win32
		{6140A3B0-BC5C-4999-AF3D-06E058AD0053}.Debug|x64.Build.0 = Debug|Win32
		{6140A3B0-BC5C-4999-AF3D-06E058AD0053}.Debug|x86.ActiveCfg = Debug|Win32
		{6140A3B0-BC5C-4999-AF3D-06E058AD0053}.Debug|x86.Build.0 = Debug|Win32
		{6140A3B0-BC5C-4999-AF3D-06E058AD0053}.MinSizeRel|Win32.ActiveCfg = Release|Win32
		{6140A3B0-BC5C-4999-AF3D-06E058AD0053}.MinSizeRel|Win32.Build.0 = Release|Win32
		{6140A3B0-BC5C-4999-AF3D-06E058AD0053}.MinSizeRel|x64.ActiveCfg = Release|Win32
		{6140A3B0-BC5C-4999-AF3D-06E058AD0053}.MinSizeRel|x64.Build.0 = Release|Win32
		{6140A3B0-BC5C-4999-AF3D-06E058AD0053}.MinSizeRel|x86.ActiveCfg = Release|Win32
		{6140A3B0-BC5C-4999-AF3D-06E058AD0053}.MinSizeRel|x86.Build.0 = Release|Win32
		{6140A3B0-BC5C-4999-AF3D-06E058AD0053}.Release|Win32.ActiveCfg = Release|Win32
		{6140A3B0-BC5C-4999-AF3D-06E058AD0053}.Release|Win32.Build.0 = Release|Win32
		{6140A3B0-BC5C-4999-AF3D-06E058AD0053}.Release|x64.ActiveCfg = Release|Win32
		{6140A3B0-BC5C-4999-AF3D-06E058AD0053}.Release|x64.Build.0 = Release|Win32
		{6140A3B0-BC5C-4999-AF3D-06E058AD0053}.Release|x86.ActiveCfg = Release|Win32
		{6140A3B0-BC5C-4999-AF3D-06E058AD0053}.Release|x86.Build.0 = Release|Win32
		{6140A3B0-BC5C-4999-AF3D-06E058AD0053}.RelWithDebInfo|Win32.ActiveCfg = Release|Win32
		{6140A3B0-BC5C-4999-AF3D-06E058AD0053}.RelWithDebInfo|Win32.Build.0 = Release|Win32
		{6140A3B0-BC5C-4999-AF3D-06E058AD0053}.RelWithDebInfo|x64.ActiveCfg = Release|Win32
		{6140A3B0-BC5C-4999-AF3D-06E058AD0053}.RelWithDebInfo|x64.Build.0 = Release|Win32
		{6140A3B0-BC5C-4999-AF3D-06E058AD0053}.RelWithDebInfo|x86.ActiveCfg = Release|Win32
		{6140A3B0-BC5C-4999-AF3D-06E058AD0053}.RelWithDebInfo|x86.Build.0 = Release|Win32
		{8AF15526-8413-46E5-9A4B-0F630D56E46B}.Debug|Win32.ActiveCfg = Debug|Win32
		{8AF15526-8413-46E5-9A4B-0F630D56E46B}.Debug|Win32.Build.0 = Debug|Win32
		{8AF15526-8413-46E5-9A4B-0F630D56E46B}.Debug|x64.ActiveCfg = Debug|Win32
		{8AF15526-8413-46E5-9A4B-0F630D56E46B}.Debug|x64.Build.0 = Debug|Win32
		{8AF15526-8413-46E5-9A4B-0F630D56E46B}.Debug|x86.ActiveCfg = Debug|Win32
		{8AF15526-8413-46E5-9A4B-0F630D56E46B}.Debug|x86.Build.0 = Debug|Win32
		{8AF15526-8413-46E5-9A4B-0F630D56E46B}.MinSizeRel|Win32.ActiveCfg = Release|Win32
		{8AF15526-8413-46E5-9A4B-0F630D56E46B}.MinSizeRel|Win32.Build.0 = Release|Win32
		{8AF15526-8413-46E5-9A4B-0F630D56E46B}.MinSizeRel|x64.ActiveCfg = Release|Win32
		{8AF15526-8413-46E5-9A4B-0F630D56E46B}.MinSizeRel|x64.Build.0 = Release|Win32
		{8AF15526-8413-46E5-9A4B-0F630D56E46B}.MinSizeRel|x86.ActiveCfg = Release|Win32
		{8AF15526-8413-46E5-9A4B-0F630D56E46B}.MinSizeRel|x86.Build.0 = Release|Win32
		{8AF15526-8413-46E5-9A4B-0F630D56E46B}.Release|Win32.ActiveCfg = Release|Win32
		{8AF15526-8413-46E5-9A4B-0F630D56E46B}.Release|Win32.Build.0 = Release|Win32
		{8AF15526-8413-46E5-9A4B-0F630D56E46B}.Release|x64.ActiveCfg = Release|Win32
		{8AF15526-8413-46E5-9A4B-0F630D56E46B}.Release|x64.Build.0 = Release|Win32
		{8AF15526-8413-46E5-9A4B-0F630D56E46B}.Release|x86.ActiveCfg = Release|Win32
		{8AF15526-8413-46E5-9A4B-0F630D56E46B}.Release|x86.Build.0 = Release|Win32
		{8AF15526-8413-46E5-9A4B-0F630D56E46B}.RelWithDebInfo|Win32.ActiveCfg = Release|Win32
		{8AF15526-8413-46E5-9A4B-0F630D56E46B}.RelWithDebInfo|Win32.Build.0 = Release|Win32
		{8AF15526-8413-46E5-9A4B-0F630D56E46B}.RelWithDebInfo|x64.ActiveCfg = Release|Win32
		{8AF15526-8413-46E5-9A4B-0F630D56E46B}.RelWithDebInfo|x64.Build.0 = Release|Win32
		{8AF15526-8413-46E5-9A4B-0F630D56E46B}.RelWithDebInfo|x86.ActiveCfg = Release|Win32
		{8AF15526-8413-46E5-9A4B-0F630D56E46B}.RelWithDebInfo|x86.Build.0 = Release|Win32
		{DA956FD3-E142-46F2-9DD5-C78BEBB56B7A}.Debug|Win32.ActiveCfg = Debug|Win32
		{DA956FD3-E142-46F2-9DD5-C78BEBB56B7A}.Debug|Win32.Build.0 = Debug|Win32
		{DA956FD3-E142-46F2-9DD5-C78BEBB56B7A}.Debug|x64.ActiveCfg = Debug|x64
		{DA956FD3-E142-46F2-9DD5-C78BEBB56B7A}.Debug|x64.Build.0 = Debug|x64
		{DA956FD3-E142-46F2-9DD5-C78BEBB56B7A}.Debug|x86.ActiveCfg = Debug|Win32
		{DA956FD3-E142-46F2-9DD5-C78BEBB56B7A}.Debug|x86.Build.0 = Debug|Win32
		{DA956FD3-E142-46F2-9DD5-C78BEBB56B7A}.MinSizeRel|Win32.ActiveCfg = Release|Win32
		{DA956FD3-E142-46F2-9DD5-C78BEBB56B7A}.MinSizeRel|Win32.Build.0 = Release|Win32
		{DA956FD3-E142-46F2-9DD5-C78BEBB56B7A}.MinSizeRel|x64.ActiveCfg = Debug|x64
		{DA956FD3-E142-46F2-9DD5-C78BEBB56B7A}.MinSizeRel|x64.Build.0 = Debug|x64
		{DA956FD3-E142-46F2-9DD5-C78BEBB56B7A}.MinSizeRel|x86.ActiveCfg = Debug|Win32
		{DA956FD3-E142-46F2-9DD5-C78BEBB56B7A}.MinSizeRel|x86.Build.0 = Debug|Win32
		{DA956FD3-E142-46F2-9DD5-C78BEBB56B7A}.Release|Win32.ActiveCfg = Release|Win32
		{DA956FD3-E142-46F2-9DD5-C78BEBB56B7A}.Release|Win32.Build.0 = Release|Win32
		{DA956FD3-E142-46F2-9DD5-C78BEBB56B7A}.Release|x64.ActiveCfg = Release|x64
		{DA956FD3-E142-46F2-9DD5-C78BEBB56B7A}.Release|x64.Build.0 = Release|x64
		{DA956FD3-E142-46F2-9DD5-C78BEBB56B7A}.Release|x86.ActiveCfg = Release|Win32
		{DA956FD3-E142-46F2-9DD5-C78BEBB56B7A}.Release|x86.Build.0 = Release|Win32
		{DA956FD3-E142-46F2-9DD5-C78BEBB56B7A}.RelWithDebInfo|Win32.ActiveCfg = Release|Win32
		{DA956FD3-E142-46F2-9DD5-C78BEBB56B7A}.RelWithDebInfo|Win32.Build.0 = Release|Win32
		{DA956FD3-E142-46F2-9DD5-C78BEBB56B7A}.RelWithDebInfo|x64.ActiveCfg = Release|x64
		{DA956FD3-E142-46F2-9DD5-C78BEBB56B7A}.RelWithDebInfo|x64.Build.0 = Release|x64
		{DA956FD3-E142-46F2-9DD5-C78BEBB56B7A}.RelWithDebInfo|x86.ActiveCfg = Release|Win32
		{DA956FD3-E142-46F2-9DD5-C78BEBB56B7A}.RelWithDebInfo|x86.Build.0 = Release|Win32
		{81CE8DAF-EBB2-4761-8E45-B71ABCCA8C68}.Debug|Win32.ActiveCfg = Debug|Win32
		{81CE8DAF-EBB2-4761-8E45-B71ABCCA8C68}.Debug|Win32.Build.0 = Debug|Win32
		{81CE8DAF-EBB2-4761-8E45-B71ABCCA8C68}.Debug|x64.ActiveCfg = Debug|x64
		{81CE8DAF-EBB2-4761-8E45-B71ABCCA8C68}.Debug|x64.Build.0 = Debug|x64
		{81CE8DAF-EBB2-4761-8E45-B71ABCCA8C68}.Debug|x86.ActiveCfg = Debug|Win32
		{81CE8DAF-EBB2-4761-8E45-B71ABCCA8C68}.Debug|x86.Build.0 = Debug|Win32
		{81CE8DAF-EBB2-4761-8E45-B71ABCCA8C68}.MinSizeRel|Win32.ActiveCfg = Release|Win32
		{81CE8DAF-EBB2-4761-8E45-B71ABCCA8C68}.MinSizeRel|Win32.Build.0 = Release|Win32
		{81CE8DAF-EBB2-4761-8E45-B71ABCCA8C68}.MinSizeRel|x64.ActiveCfg = Debug|x64
		{81CE8DAF-EBB2-4761-8E45-B71ABCCA8C68}.MinSizeRel|x64.Build.0 = Debug|x64
		{81CE8DAF-EBB2-4761-8E45-B71ABCCA8C68}.MinSizeRel|x86.ActiveCfg = Debug|Win32
		{81CE8DAF-EBB2-4761-8E45-B71ABCCA8C68}.MinSizeRel|x86.Build.0 = Debug|Win32
		{81CE8DAF-EBB2-4761-8E45-B71ABCCA8C68}.Release|Win32.ActiveCfg = Release|Win32
		{81CE8DAF-EBB2-4761-8E45-B71ABCCA8C68}.Release|Win32.Build.0 = Release|Win32
		{81CE8DAF-EBB2-4761-8E45-B71ABCCA8C68}.Release|x64.ActiveCfg = Release|x64
		{81CE8DAF-EBB2-4761-8E45-B71ABCCA8C68}.Release|x64.Build.0 = Release|x64
		{81CE8DAF-EBB2-4761-8E45-B71ABCCA8C68}.Release|x86.ActiveCfg = Release|Win32
		{81CE8DAF-EBB2-4761-8E45-B71ABCCA8C68}.Release|x86.Build.0 = Release|Win32
		{81CE8DAF-EBB2-4761-8E45-B71ABCCA8C68}.RelWithDebInfo|Win32.ActiveCfg = Release|Win32
		{81CE8DAF-EBB2-4761-8E45-B71ABCCA8C68}.RelWithDebInfo|Win32.Build.0 = Release|Win32
		{81CE8DAF-EBB2-4761-8E45-B71ABCCA8C68}.RelWithDebInfo|x64.ActiveCfg = Release|x64
		{81CE8DAF-EBB2-4761-8E45-B71ABCCA8C68}.RelWithDebInfo|x64.Build.0 = Release|x64
		{81CE8DAF-EBB2-4761-8E45-B71ABCCA8C68}.RelWithDebInfo|x86.ActiveCfg = Release|Win32
		{81CE8DAF-EBB2-4761-8E45-B71ABCCA8C68}.RelWithDebInfo|x86.Build.0 = Release|Win32
		{088A2DC5-E709-724B-BA7C-79B1FABDE9F8}.Debug|Win32.ActiveCfg = Debug|Win32
		{088A2DC5-E709-724B-BA7C-79B1FABDE9F8}.Debug|Win32.Build.0 = Debug|Win32
		{088A2DC5-E709-724B-BA7C-79B1FABDE9F8}.Debug|x64.ActiveCfg = Debug|x64
		{088A2DC5-E709-724B-BA7C-79B1FABDE9F8}.Debug|x64.Build.0 = Debug|x64
		{088A2DC5-E709-724B-BA7C-79B1FABDE9F8}.Debug|x86.ActiveCfg = Debug|Win32
		{088A2DC5-E709-724B-BA7C-79B1FABDE9F8}.Debug|x86.Build.0 = Debug|Win32
		{088A2DC5-E709-724B-BA7C-79B1FABDE9F8}.MinSizeRel|Win32.ActiveCfg = Release|Win32
		{088A2DC5-E709-724B-BA7C-79B1FABDE9F8}.MinSizeRel|Win32.Build.0 = Release|Win32
		{088A2DC5-E709-724B-BA7C-79B1FABDE9F8}.MinSizeRel|x64.ActiveCfg = Debug|x64
		{088A2DC5-E709-724B-BA7C-79B1FABDE9F8}.MinSizeRel|x64.Build.0 = Debug|x64
		{088A2DC5-E709-724B-BA7C-79B1FABDE9F8}.MinSizeRel|x86.ActiveCfg = Debug|Win32
		{088A2DC5-E709-724B-BA7C-79B1FABDE9F8}.MinSizeRel|x86.Build.0 = Debug|Win32
		{088A2DC5-E709-724B-BA7C-79B1FABDE9F8}.Release|Win32.ActiveCfg = Release|Win32
		{088A2DC5-E709-724B-BA7C-79B1FABDE9F8}.Release|Win32.Build.0 = Release|Win32
		{088A2DC5-E709-724B-BA7C-79B1FABDE9F8}.Release|x64.ActiveCfg = Release|x64
		{088A2DC5-E709-724B-BA7C-79B1FABDE9F8}.Release|x64.Build.0 = Release|x64
		{088A2DC5-E709-724B-BA7C-79B1FABDE9F8}.Release|x86.ActiveCfg = Release|Win32
		{088A2DC5-E709-724B-BA7C-79B1FABDE9F8}.Release|x86.Build.0 = Release|Win32
		{088A2DC5-E709-724B-BA7C-79B1FABDE9F8}.RelWithDebInfo|Win32.ActiveCfg = Release|Win32
		{088A2DC5-E709-724B-BA7C-79B1FABDE9F8}.RelWithDebInfo|Win32.Build.0 = Release|Win32
		{088A2DC5-E709-724B-BA7C-79B1FABDE9F8}.RelWithDebInfo|x64.ActiveCfg = Release|x64
		{088A2DC5-E709-724B-BA7C-79B1FABDE9F8}.RelWithDebInfo|x64.Build.0 = Release|x64
		{088A2DC5-E709-724B-BA7C-79B1FABDE9F8}.RelWithDebInfo|x86.ActiveCfg = Release|Win32
		{088A2DC5-E709-724B-BA7C-79B1FABDE9F8}.RelWithDebInfo|x86.Build.0 = Release|Win32
		{08FAB30E-1565-114B-9826-D00D97B41702}.Debug|Win32.ActiveCfg = Debug|Win32
		{08FAB30E-1565-114B-9826-D00D97B41702}.Debug|Win32.Build.0 = Debug|Win32
		{08FAB30E-1565-114B-9826-D00D97B41702}.Debug|x64.ActiveCfg = Debug|x64
		{08FAB30E-1565-114B-9826-D00D97B41702}.Debug|x64.Build.0 = Debug|x64
		{08FAB30E-1565-114B-9826-D00D97B41702}.Debug|x86.ActiveCfg = Debug|Win32
		{08FAB30E-1565-114B-9826-D00D97B41702}.Debug|x86.Build.0 = Debug|Win32
		{08FAB30E-1565-114B-9826-D00D97B41702}.MinSizeRel|Win32.ActiveCfg = Release|Win32
		{08FAB30E-1565-114B-9826-D00D97B41702}.MinSizeRel|Win32.Build.0 = Release|Win32
		{08FAB30E-1565-114B-9826-D00D97B41702}.MinSizeRel|x64.ActiveCfg = Debug|x64
		{08FAB30E-1565-114B-9826-D00D97B41702}.MinSizeRel|x64.Build.0 = Debug|x64
		{08FAB30E-1565-114B-9826-D00D97B41702}.MinSizeRel|x86.ActiveCfg = Debug|Win32
		{08FAB30E-1565-114B-9826-D00D97B41702}.MinSizeRel|x86.Build.0 = Debug|Win32
		{08FAB30E-1565-114B-9826-D00D97B41702}.Release|Win32.ActiveCfg = Release|Win32
		{08FAB30E-1565-114B-9826-D00D97B41702}.Release|Win32.Build.0 = Release|Win32
		{08FAB30E-1565-114B-9826-D00D97B41702}.Release|x64.ActiveCfg = Release|x64
		{08FAB30E-1565-114B-9826-D00D97B41702}.Release|x64.Build.0 = Release|x64
		{08FAB30E-1565-114B-9826-D00D97B41702}.Release|x86.ActiveCfg = Release|Win32
		{08FAB30E-1565-114B-9826-D00D97B41702}.Release|x86.Build.0 = Release|Win32
		{08FAB30E-1565-114B-9826-D00D97B41702}.RelWithDebInfo|Win32.ActiveCfg = Release|Win32
		{08FAB30E-1565-114B-9826-D00D97B41702}.RelWithDebInfo|Win32.Build.0 = Release|Win32
		{08FAB30E-1565-114B-9826-D00D97B41702}.RelWithDebInfo|x64.ActiveCfg = Release|x64
		{08FAB30E-1565-114B-9826-D00D97B41702}.RelWithDebInfo|x64.Build.0 = Release|x64
		{08FAB30E-1565-114B-9826-D00D97B41702}.RelWithDebInfo|x86.ActiveCfg = Release|Win32
		{08FAB30E-1565-114B-9826-D00D97B41702}.RelWithDebInfo|x86.Build.0 = Release|Win32
		{3CF8B8B8-BC53-2B48-AA56-FDE09057E8B9}.Debug|Win32.ActiveCfg = Debug|Win32
		{3CF8B8B8-BC53-2B48-AA56-FDE09057E8B9}.Debug|Win32.Build.0 = Debug|Win32
		{3CF8B8B8-BC53-2B48-AA56-FDE09057E8B9}.Debug|x64.ActiveCfg = Debug|x64
		{3CF8B8B8-BC53-2B48-AA56-FDE09057E8B9}.Debug|x64.Build.0 = Debug|x64
		{3CF8B8B8-BC53-2B48-AA56-FDE09057E8B9}.Debug|x86.ActiveCfg = Debug|Win32
		{3CF8B8B8-BC53-2B48-AA56-FDE09057E8B9}.Debug|x86.Build.0 = Debug|Win32
		{3CF8B8B8-BC53-2B48-AA56-FDE09057E8B9}.MinSizeRel|Win32.ActiveCfg = Release|Win32
		{3CF8B8B8-BC53-2B48-AA56-FDE09057E8B9}.MinSizeRel|Win32.Build.0 = Release|Win32
		{3CF8B8B8-BC53-2B48-AA56-FDE09057E8B9}.MinSizeRel|x64.ActiveCfg = Debug|x64
		{3CF8B8B8-BC53-2B48-AA56-FDE09057E8B9}.MinSizeRel|x64.Build.0 = Debug|x64
		{3CF8B8B8-BC53-2B48-AA56-FDE09057E8B9}.MinSizeRel|x86.ActiveCfg = Debug|Win32
		{3CF8B8B8-BC53-2B48-AA56-FDE09057E8B9}.MinSizeRel|x86.Build.0 = Debug|Win32
		{3CF8B8B8-BC53-2B48-AA56-FDE09057E8B9}.Release|Win32.ActiveCfg = Release|Win32
		{3CF8B8B8-BC53-2B48-AA56-FDE09057E8B9}.Release|Win32.Build.0 = Release|Win32
		{3CF8B8B8-BC53-2B48-AA56-FDE09057E8B9}.Release|x64.ActiveCfg = Release|x64
		{3CF8B8B8-BC53-2B48-AA56-FDE09057E8B9}.Release|x64.Build.0 = Release|x64
		{3CF8B8B8-BC53-2B48-AA56-FDE09057E8B9}.Release|x86.ActiveCfg = Release|Win32
		{3CF8B8B8-BC53-2B48-AA56-FDE09057E8B9}.Release|x86.Build.0 = Release|Win32
		{3CF8B8B8-BC53-2B48-AA56-FDE09057E8B9}.RelWithDebInfo|Win32.ActiveCfg = Release|Win32
		{3CF8B8B8-BC53-2B48-AA56-FDE09057E8B9}.RelWithDebInfo|Win32.Build.0 = Release|Win32
		{3CF8B8B8-BC53-2B48-AA56-FDE09057E8B9}.RelWithDebInfo|x64.ActiveCfg = Release|x64
		{3CF8B8B8-BC53-2B48-AA56-FDE09057E8B9}.RelWithDebInfo|x64.Build.0 = Release|x64
		{3CF8B8B8-BC53-2B48-AA56-FDE09057E8B9}.RelWithDebInfo|x86.ActiveCfg = Release|Win32
		{3CF8B8B8-BC53-2B48-AA56-FDE09057E8B9}.RelWithDebInfo|x86.Build.0 = Release|Win32
		{3DD6380C-36BF-EA41-BB45-DAAF7D7F7EC2}.Debug|Win32.ActiveCfg = Debug|Win32
		{3DD6380C-36BF-EA41-BB45-DAAF7D7F7EC2}.Debug|Win32.Build.0 = Debug|Win32
		{3DD6380C-36BF-EA41-BB45-DAAF7D7F7EC2}.Debug|x64.ActiveCfg = Debug|x64
		{3DD6380C-36BF-EA41-BB45-DAAF7D7F7EC2}.Debug|x64.Build.0 = Debug|x64
		{3DD6380C-36BF-EA41-BB45-DAAF7D7F7EC2}.Debug|x86.ActiveCfg = Debug|Win32
		{3DD6380C-36BF-EA41-BB45-DAAF7D7F7EC2}.Debug|x86.Build.0 = Debug|Win32
		{3DD6380C-36BF-EA41-BB45-DAAF7D7F7EC2}.MinSizeRel|Win32.ActiveCfg = Release|Win32
		{3DD6380C-36BF-EA41-BB45-DAAF7D7F7EC2}.MinSizeRel|Win32.Build.0 = Release|Win32
		{3DD6380C-36BF-EA41-BB45-DAAF7D7F7EC2}.MinSizeRel|x64.ActiveCfg = Debug|x64
		{3DD6380C-36BF-EA41-BB45-DAAF7D7F7EC2}.MinSizeRel|x64.Build.0 = Debug|x64
		{3DD6380C-36BF-EA41-BB45-DAAF7D7F7EC2}.MinSizeRel|x86.ActiveCfg = Debug|Win32
		{3DD6380C-36BF-EA41-BB45-DAAF7D7F7EC2}.MinSizeRel|x86.Build.0 = Debug|Win32
		{3DD6380C-36BF-EA41-BB45-DAAF7D7F7EC2}.Release|Win32.ActiveCfg = Release|Win32
		{3DD6380C-36BF-EA41-BB45-DAAF7D7F7EC2}.Release|Win32.Build.0 = Release|Win32
		{3DD6380C-36BF-EA41-BB45-DAAF7D7F7EC2}.Release|x64.ActiveCfg = Release|x64
		{3DD6380C-36BF-EA41-BB45-DAAF7D7F7EC2}.Release|x64.Build.0 = Release|x64
		{3DD6380C-36BF-EA41-BB45-DAAF7D7F7EC2}.Release|x86.ActiveCfg = Release|Win32
		{3DD6380C-36BF-EA41-BB45-DAAF7D7F7EC2}.Release|x86.Build.0 = Release|Win32
		{3DD6380C-36BF-EA41-BB45-DAAF7D7F7EC2}.RelWithDebInfo|Win32.ActiveCfg = Release|Win32
		{3DD6380C-36BF-EA41-BB45-DAAF7D7F7EC2}.RelWithDebInfo|Win32.Build.0 = Release|Win32
		{3DD6380C-36BF-EA41-BB45-DAAF7D7F7EC2}.RelWithDebInfo|x64.ActiveCfg = Release|x64
		{3DD6380C-36BF-EA41-BB45-DAAF7D7F7EC2}.RelWithDebInfo|x64.Build.0 = Release|x64
		{3DD6380C-36BF-EA41-BB45-DAAF7D7F7EC2}.RelWithDebInfo|x86.ActiveCfg = Release|Win32
		{3DD6380C-36BF-EA41-BB45-DAAF7D7F7EC2}.RelWithDebInfo|x86.Build.0 = Release|Win32
		{79338039-8348-3685-AB1B-0B67A5EA0158}.Debug|Win32.ActiveCfg = Debug|Win32
		{79338039-8348-3685-AB1B-0B67A5EA0158}.Debug|Win32.Build.0 = Debug|Win32
		{79338039-8348-3685-AB1B-0B67A5EA0158}.Debug|x64.ActiveCfg = Debug|Win32
		{79338039-8348-3685-AB1B-0B67A5EA0158}.Debug|x86.ActiveCfg = Debug|Win32
		{79338039-8348-3685-AB1B-0B67A5EA0158}.MinSizeRel|Win32.ActiveCfg = MinSizeRel|Win32
		{79338039-8348-3685-AB1B-0B67A5EA0158}.MinSizeRel|Win32.Build.0 = MinSizeRel|Win32
		{79338039-8348-3685-AB1B-0B67A5EA0158}.MinSizeRel|x64.ActiveCfg = MinSizeRel|Win32
		{79338039-8348-3685-AB1B-0B67A5EA0158}.MinSizeRel|x86.ActiveCfg = MinSizeRel|Win32
		{79338039-8348-3685-AB1B-0B67A5EA0158}.Release|Win32.ActiveCfg = Release|Win32
		{79338039-8348-3685-AB1B-0B67A5EA0158}.Release|Win32.Build.0 = Release|Win32
		{79338039-8348-3685-AB1B-0B67A5EA0158}.Release|x64.ActiveCfg = Release|Win32
		{79338039-8348-3685-AB1B-0B67A5EA0158}.Release|x86.ActiveCfg = Release|Win32
		{79338039-8348-3685-AB1B-0B67A5EA0158}.RelWithDebInfo|Win32.ActiveCfg = RelWithDebInfo|Win32
		{79338039-8348-3685-AB1B-0B67A5EA0158}.RelWithDebInfo|Win32.Build.0 = RelWithDebInfo|Win32
		{79338039-8348-3685-AB1B-0B67A5EA0158}.RelWithDebInfo|x64.ActiveCfg = RelWithDebInfo|Win32
		{79338039-8348-3685-AB1B-0B67A5EA0158}.RelWithDebInfo|x86.ActiveCfg = RelWithDebInfo|Win32
		{48803170-0C88-4422-BAFD-F33B83C0E8C0}.Debug|Win32.ActiveCfg = Debug|Win32
		{48803170-0C88-4422-BAFD-F33B83C0E8C0}.Debug|Win32.Build.0 = Debug|Win32
		{48803170-0C88-4422-BAFD-F33B83C0E8C0}.Debug|x64.ActiveCfg = Debug|x64
		{48803170-0C88-4422-BAFD-F33B83C0E8C0}.Debug|x64.Build.0 = Debug|x64
		{48803170-0C88-4422-BAFD-F33B83C0E8C0}.Debug|x86.ActiveCfg = Debug|Win32
		{48803170-0C88-4422-BAFD-F33B83C0E8C0}.Debug|x86.Build.0 = Debug|Win32
		{48803170-0C88-4422-BAFD-F33B83C0E8C0}.MinSizeRel|Win32.ActiveCfg = Debug|Win32
		{48803170-0C88-4422-BAFD-F33B83C0E8C0}.MinSizeRel|Win32.Build.0 = Debug|Win32
		{48803170-0C88-4422-BAFD-F33B83C0E8C0}.MinSizeRel|x64.ActiveCfg = Debug|x64
		{48803170-0C88-4422-BAFD-F33B83C0E8C0}.MinSizeRel|x64.Build.0 = Debug|x64
		{48803170-0C88-4422-BAFD-F33B83C0E8C0}.MinSizeRel|x86.ActiveCfg = Debug|Win32
		{48803170-0C88-4422-BAFD-F33B83C0E8C0}.MinSizeRel|x86.Build.0 = Debug|Win32
		{48803170-0C88-4422-BAFD-F33B83C0E8C0}.Release|Win32.ActiveCfg = Release|Win32
		{48803170-0C88-4422-BAFD-F33B83C0E8C0}.Release|Win32.Build.0 = Release|Win32
		{48803170-0C88-4422-BAFD-F33B83C0E8C0}.Release|x64.ActiveCfg = Release|x64
		{48803170-0C88-4422-BAFD-F33B83C0E8C0}.Release|x64.Build.0 = Release|x64
		{48803170-0C88-4422-BAFD-F33B83C0E8C0}.Release|x86.ActiveCfg = Release|Win32
		{48803170-0C88-4422-BAFD-F33B83C0E8C0}.Release|x86.Build.0 = Release|Win32
		{48803170-0C88-4422-BAFD-F33B83C0E8C0}.RelWithDebInfo|Win32.ActiveCfg = Release|Win32
		{48803170-0C88-4422-BAFD-F33B83C0E8C0}.RelWithDebInfo|Win32.Build.0 = Release|Win32
		{48803170-0C88-4422-BAFD-F33B83C0E8C0}.RelWithDebInfo|x64.ActiveCfg = Release|x64
		{48803170-0C88-4422-BAFD-F33B83C0E8C0}.RelWithDebInfo|x64.Build.0 = Release|x64
		{48803170-0C88-4422-BAFD-F33B83C0E8C0}.RelWithDebInfo|x86.ActiveCfg = Release|Win32
		{48803170-0C88-4422-BAFD-F33B83C0E8C0}.RelWithDebInfo|x86.Build.0 = Release|Win32
		{608B7132-6BE8-D541-9EBA-A4B845D63AFE}.Debug|Win32.ActiveCfg = Debug|Win32
		{608B7132-6BE8-D541-9EBA-A4B845D63AFE}.Debug|Win32.Build.0 = Debug|Win32
		{608B7132-6BE8-D541-9EBA-A4B845D63AFE}.Debug|x64.ActiveCfg = Debug|x64
		{608B7132-6BE8-D541-9EBA-A4B845D63AFE}.Debug|x64.Build.0 = Debug|x64
		{608B7132-6BE8-D541-9EBA-A4B845D63AFE}.Debug|x86.ActiveCfg = Debug|Win32
		{608B7132-6BE8-D541-9EBA-A4B845D63AFE}.Debug|x86.Build.0 = Debug|Win32
		{608B7132-6BE8-D541-9EBA-A4B845D63AFE}.MinSizeRel|Win32.ActiveCfg = Debug|Win32
		{608B7132-6BE8-D541-9EBA-A4B845D63AFE}.MinSizeRel|Win32.Build.0 = Debug|Win32
		{608B7132-6BE8-D541-9EBA-A4B845D63AFE}.MinSizeRel|x64.ActiveCfg = Debug|x64
		{608B7132-6BE8-D541-9EBA-A4B845D63AFE}.MinSizeRel|x64.Build.0 = Debug|x64
		{608B7132-6BE8-D541-9EBA-A4B845D63AFE}.MinSizeRel|x86.ActiveCfg = Debug|Win32
		{608B7132-6BE8-D541-9EBA-A4B845D63AFE}.MinSizeRel|x86.Build.0 = Debug|Win32
		{608B7132-6BE8-D541-9EBA-A4B845D63AFE}.Release|Win32.ActiveCfg = Release|Win32
		{608B7132-6BE8-D541-9EBA-A4B845D63AFE}.Release|Win32.Build.0 = Release|Win32
		{608B7132-6BE8-D541-9EBA-A4B845D63AFE}.Release|x64.ActiveCfg = Release|x64
		{608B7132-6BE8-D541-9EBA-A4B845D63AFE}.Release|x64.Build.0 = Release|x64
		{608B7132-6BE8-D541-9EBA-A4B845D63AFE}.Release|x86.ActiveCfg = Release|Win32
		{608B7132-6BE8-D541-9EBA-A4B845D63AFE}.Release|x86.Build.0 = Release|Win32
		{608B7132-6BE8-D541-9EBA-A4B845D63AFE}.RelWithDebInfo|Win32.ActiveCfg = Release|Win32
		{608B7132-6BE8-D541-9EBA-A4B845D63AFE}.RelWithDebInfo|Win32.Build.0 = Release|Win32
		{608B7132-6BE8-D541-9EBA-A4B845D63AFE}.RelWithDebInfo|x64.ActiveCfg = Release|x64
		{608B7132-6BE8-D541-9EBA-A4B845D63AFE}.RelWithDebInfo|x64.Build.0 = Release|x64
		{608B7132-6BE8-D541-9EBA-A4B845D63AFE}.RelWithDebInfo|x86.ActiveCfg = Release|Win32
		{608B7132-6BE8-D541-9EBA-A4B845D63AFE}.RelWithDebInfo|x86.Build.0 = Release|Win32
		{B79E3B69-D355-E54C-9996-02BF2A36F931}.Debug|Win32.ActiveCfg = Debug|Win32
		{B79E3B69-D355-E54C-9996-02BF2A36F931}.Debug|Win32.Build.0 = Debug|Win32
		{B79E3B69-D355-E54C-9996-02BF2A36F931}.Debug|x64.ActiveCfg = Debug|x64
		{B79E3B69-D355-E54C-9996-02BF2A36F931}.Debug|x64.Build.0 = Debug|x64
		{B79E3B69-D355-E54C-9996-02BF2A36F931}.Debug|x86.ActiveCfg = Debug|Win32
		{B79E3B69-D355-E54C-9996-02BF2A36F931}.Debug|x86.Build.0 = Debug|Win32
		{B79E3B69-D355-E54C-9996-02BF2A36F931}.MinSizeRel|Win32.ActiveCfg = Debug|Win32
		{B79E3B69-D355-E54C-9996-02BF2A36F931}.MinSizeRel|Win32.Build.0 = Debug|Win32
		{B79E3B69-D355-E54C-9996-02BF2A36F931}.MinSizeRel|x64.ActiveCfg = Debug|x64
		{B79E3B69-D355-E54C-9996-02BF2A36F931}.MinSizeRel|x64.Build.0 = Debug|x64
		{B79E3B69-D355-E54C-9996-02BF2A36F931}.MinSizeRel|x86.ActiveCfg = Debug|Win32
		{B79E3B69-D355-E54C-9996-02BF2A36F931}.MinSizeRel|x86.Build.0 = Debug|Win32
		{B79E3B69-D355-E54C-9996-02BF2A36F931}.Release|Win32.ActiveCfg = Release|Win32
		{B79E3B69-D355-E54C-9996-02BF2A36F931}.Release|Win32.Build.0 = Release|Win32
		{B79E3B69-D355-E54C-9996-02BF2A36F931}.Release|x64.ActiveCfg = Release|x64
		{B79E3B69-D355-E54C-9996-02BF2A36F931}.Release|x64.Build.0 = Release|x64
		{B79E3B69-D355-E54C-9996-02BF2A36F931}.Release|x86.ActiveCfg = Release|Win32
		{B79E3B69-D355-E54C-9996-02BF2A36F931}.Release|x86.Build.0 = Release|Win32
		{B79E3B69-D355-E54C-9996-02BF2A36F931}.RelWithDebInfo|Win32.ActiveCfg = Release|Win32
		{B79E3B69-D355-E54C-9996-02BF2A36F931}.RelWithDebInfo|Win32.Build.0 = Release|Win32
		{B79E3B69-D355-E54C-9996-02BF2A36F931}.RelWithDebInfo|x64.ActiveCfg = Release|x64
		{B79E3B69-D355-E54C-9996-02BF2A36F931}.RelWithDebInfo|x64.Build.0 = Release|x64
		{B79E3B69-D355-E54C-9996-02BF2A36F931}.RelWithDebInfo|x86.ActiveCfg = Release|Win32
		{B79E3B69-D355-E54C-9996-02BF2A36F931}.RelWithDebInfo|x86.Build.0 = Release|Win32
		{9C79DDAB-C312-114A-B52B-EB0434B7FCA7}.Debug|Win32.ActiveCfg = Debug|Win32
		{9C79DDAB-C312-114A-B52B-EB0434B7FCA7}.Debug|Win32.Build.0 = Debug|Win32
		{9C79DDAB-C312-114A-B52B-EB0434B7FCA7}.Debug|x64.ActiveCfg = Debug|x64
		{9C79DDAB-C312-114A-B52B-EB0434B7FCA7}.Debug|x64.Build.0 = Debug|x64
		{9C79DDAB-C312-114A-B52B-EB0434B7FCA7}.Debug|x86.ActiveCfg = Debug|Win32
		{9C79DDAB-C312-114A-B52B-EB0434B7FCA7}.Debug|x86.Build.0 = Debug|Win32
		{9C79DDAB-C312-114A-B52B-EB0434B7FCA7}.MinSizeRel|Win32.ActiveCfg = Debug|Win32
		{9C79DDAB-C312-114A-B52B-EB0434B7FCA7}.MinSizeRel|Win32.Build.0 = Debug|Win32
		{9C79DDAB-C312-114A-B52B-EB0434B7FCA7}.MinSizeRel|x64.ActiveCfg = Debug|x64
		{9C79DDAB-C312-114A-B52B-EB0434B7FCA7}.MinSizeRel|x64.Build.0 = Debug|x64
		{9C79DDAB-C312-114A-B52B-EB0434B7FCA7}.MinSizeRel|x86.ActiveCfg = Debug|Win32
		{9C79DDAB-C312-114A-B52B-EB0434B7FCA7}.MinSizeRel|x86.Build.0 = Debug|Win32
		{9C79DDAB-C312-114A-B52B-EB0434B7FCA7}.Release|Win32.ActiveCfg = Release|Win32
		{9C79DDAB-C312-114A-B52B-EB0434B7FCA7}.Release|Win32.Build.0 = Release|Win32
		{9C79DDAB-C312-114A-B52B-EB0434B7FCA7}.Release|x64.ActiveCfg = Release|x64
		{9C79DDAB-C312-114A-B52B-EB0434B7FCA7}.Release|x64.Build.0 = Release|x64
		{9C79DDAB-C312-114A-B52B-EB0434B7FCA7}.Release|x86.ActiveCfg = Release|Win32
		{9C79DDAB-C312-114A-B52B-EB0434B7FCA7}.Release|x86.Build.0 = Release|Win32
		{9C79DDAB-C312-114A-B52B-EB0434B7FCA7}.RelWithDebInfo|Win32.ActiveCfg = Release|Win32
		{9C79DDAB-C312-114A-B52B-EB0434B7FCA7}.RelWithDebInfo|Win32.Build.0 = Release|Win32
		{9C79DDAB-C312-114A-B52B-EB0434B7FCA7}.RelWithDebInfo|x64.ActiveCfg = Release|x64
		{9C79DDAB-C312-114A-B52B-EB0434B7FCA7}.RelWithDebInfo|x64.Build.0 = Release|x64
		{9C79DDAB-C312-114A-B52B-EB0434B7FCA7}.RelWithDebInfo|x86.ActiveCfg = Release|Win32
		{9C79DDAB-C312-114A-B52B-EB0434B7FCA7}.RelWithDebInfo|x86.Build.0 = Release|Win32
		{B30D52C3-4521-BE46-ACB9-F45B8CB4D5B4}.Debug|Win32.ActiveCfg = Debug|Win32
		{B30D52C3-4521-BE46-ACB9-F45B8CB4D5B4}.Debug|Win32.Build.0 = Debug|Win32
		{B30D52C3-4521-BE46-ACB9-F45B8CB4D5B4}.Debug|x64.ActiveCfg = Debug|x64
		{B30D52C3-4521-BE46-ACB9-F45B8CB4D5B4}.Debug|x64.Build.0 = Debug|x64
		{B30D52C3-4521-BE46-ACB9-F45B8CB4D5B4}.Debug|x86.ActiveCfg = Debug|Win32
		{B30D52C3-4521-BE46-ACB9-F45B8CB4D5B4}.Debug|x86.Build.0 = Debug|Win32
		{B30D52C3-4521-BE46-ACB9-F45B8CB4D5B4}.MinSizeRel|Win32.ActiveCfg = Debug|Win32
		{B30D52C3-4521-BE46-ACB9-F45B8CB4D5B4}.MinSizeRel|Win32.Build.0 = Debug|Win32
		{B30D52C3-4521-BE46-ACB9-F45B8CB4D5B4}.MinSizeRel|x64.ActiveCfg = Debug|x64
		{B30D52C3-4521-BE46-ACB9-F45B8CB4D5B4}.MinSizeRel|x64.Build.0 = Debug|x64
		{B30D52C3-4521-BE46-ACB9-F45B8CB4D5B4}.MinSizeRel|x86.ActiveCfg = Debug|Win32
		{B30D52C3-4521-BE46-ACB9-F45B8CB4D5B4}.MinSizeRel|x86.Build.0 = Debug|Win32
		{B30D52C3-4521-BE46-ACB9-F45B8CB4D5B4}.Release|Win32.ActiveCfg = Release|Win32
		{B30D52C3-4521-BE46-ACB9-F45B8CB4D5B4}.Release|Win32.Build.0 = Release|Win32
		{B30D52C3-4521-BE46-ACB9-F45B8CB4D5B4}.Release|x64.ActiveCfg = Release|x64
		{B30D52C3-4521-BE46-ACB9-F45B8CB4D5B4}.Release|x64.Build.0 = Release|x64
		{B30D52C3-4521-BE46-ACB9-F45B8CB4D5B4}.Release|x86.ActiveCfg = Release|Win32
		{B30D52C3-4521-BE46-ACB9-F45B8CB4D5B4}.Release|x86.Build.0 = Release|Win32
		{B30D52C3-4521-BE46-ACB9-F45B8CB4D5B4}.RelWithDebInfo|Win32.ActiveCfg = Release|Win32
		{B30D52C3-4521-BE46-ACB9-F45B8CB4D5B4}.RelWithDebInfo|Win32.Build.0 = Release|Win32
		{B30D52C3-4521-BE46-ACB9-F45B8CB4D5B4}.RelWithDebInfo|x64.ActiveCfg = Release|x64
		{B30D52C3-4521-BE46-ACB9-F45B8CB4D5B4}.RelWithDebInfo|x64.Build.0 = Release|x64
		{B30D52C3-4521-BE46-ACB9-F45B8CB4D5B4}.RelWithDebInfo|x86.ActiveCfg = Release|Win32
		{B30D52C3-4521-BE46-ACB9-F45B8CB4D5B4}.RelWithDebInfo|x86.Build.0 = Release|Win32
		{BCA68ADC-E992-4D60-9246-ABB8D5040220}.Debug|Win32.ActiveCfg = Debug|Win32
		{BCA68ADC-E992-4D60-9246-ABB8D5040220}.Debug|Win32.Build.0 = Debug|Win32
		{BCA68ADC-E992-4D60-9246-ABB8D5040220}.Debug|x64.ActiveCfg = Debug|x64
		{BCA68ADC-E992-4D60-9246-ABB8D5040220}.Debug|x64.Build.0 = Debug|x64
		{BCA68ADC-E992-4D60-9246-ABB8D5040220}.Debug|x86.ActiveCfg = Debug|Win32
		{BCA68ADC-E992-4D60-9246-ABB8D5040220}.Debug|x86.Build.0 = Debug|Win32
		{BCA68ADC-E992-4D60-9246-ABB8D5040220}.MinSizeRel|Win32.ActiveCfg = Debug|Win32
		{BCA68ADC-E992-4D60-9246-ABB8D5040220}.MinSizeRel|Win32.Build.0 = Debug|Win32
		{BCA68ADC-E992-4D60-9246-ABB8D5040220}.MinSizeRel|x64.ActiveCfg = Debug|x64
		{BCA68ADC-E992-4D60-9246-ABB8D5040220}.MinSizeRel|x64.Build.0 = Debug|x64
		{BCA68ADC-E992-4D60-9246-ABB8D5040220}.MinSizeRel|x86.ActiveCfg = Debug|Win32
		{BCA68ADC-E992-4D60-9246-ABB8D5040220}.MinSizeRel|x86.Build.0 = Debug|Win32
		{BCA68ADC-E992-4D60-9246-ABB8D5040220}.Release|Win32.ActiveCfg = Release|Win32
		{BCA68ADC-E992-4D60-9246-ABB8D5040220}.Release|Win32.Build.0 = Release|Win32
		{BCA68ADC-E992-4D60-9246-ABB8D5040220}.Release|x64.ActiveCfg = Release|x64
		{BCA68ADC-E992-4D60-9246-ABB8D5040220}.Release|x64.Build.0 = Release|x64
		{BCA68ADC-E992-4D60-9246-ABB8D5040220}.Release|x86.ActiveCfg = Release|Win32
		{BCA68ADC-E992-4D60-9246-ABB8D5040220}.Release|x86.Build.0 = Release|Win32
		{BCA68ADC-E992-4D60-9246-ABB8D5040220}.RelWithDebInfo|Win32.ActiveCfg = Release|Win32
		{BCA68ADC-E992-4D60-9246-ABB8D5040220}.RelWithDebInfo|Win32.Build.0 = Release|Win32
		{BCA68ADC-E992-4D60-9246-ABB8D5040220}.RelWithDebInfo|x64.ActiveCfg = Release|x64
		{BCA68ADC-E992-4D60-9246-ABB8D5040220}.RelWithDebInfo|x64.Build.0 = Release|x64
		{BCA68ADC-E992-4D60-9246-ABB8D5040220}.RelWithDebInfo|x86.ActiveCfg = Release|Win32
		{BCA68ADC-E992-4D60-9246-ABB8D5040220}.RelWithDebInfo|x86.Build.0 = Release|Win32
	EndGlobalSection
	GlobalSection(SolutionProperties) = preSolution
		HideSolutionNode = FALSE
	EndGlobalSection
	GlobalSection(NestedProjects) = preSolution
		{088A2DC5-E709-724B-BA7C-79B1FABDE9F8} = {C89ADA8C-1A03-4C9C-9FA0-993A467CACE5}
		{08FAB30E-1565-114B-9826-D00D97B41702} = {C89ADA8C-1A03-4C9C-9FA0-993A467CACE5}
		{3CF8B8B8-BC53-2B48-AA56-FDE09057E8B9} = {C89ADA8C-1A03-4C9C-9FA0-993A467CACE5}
		{3DD6380C-36BF-EA41-BB45-DAAF7D7F7EC2} = {C89ADA8C-1A03-4C9C-9FA0-993A467CACE5}
		{608B7132-6BE8-D541-9EBA-A4B845D63AFE} = {C89ADA8C-1A03-4C9C-9FA0-993A467CACE5}
		{B79E3B69-D355-E54C-9996-02BF2A36F931} = {C89ADA8C-1A03-4C9C-9FA0-993A467CACE5}
		{9C79DDAB-C312-114A-B52B-EB0434B7FCA7} = {C89ADA8C-1A03-4C9C-9FA0-993A467CACE5}
		{B30D52C3-4521-BE46-ACB9-F45B8CB4D5B4} = {C89ADA8C-1A03-4C9C-9FA0-993A467CACE5}
	EndGlobalSection
	GlobalSection(ExtensibilityGlobals) = postSolution
		SolutionGuid = {79824157-AF90-4FD6-B4DD-2A689874192F}
	EndGlobalSection
EndGlobal
